
Microsoft Visual Studio Solution File, Format Version 12.00
# Visual Studio Version 16
VisualStudioVersion = 16.0.31005.135
MinimumVisualStudioVersion = 10.0.40219.1
Project("{FAE04EC0-301F-11D3-BF4B-00C04F79EFBC}") = "MySQLproject", "MySQLproject\MySQLproject.csproj", "{A2EA0EDA-AF48-4C4E-990E-0A16CFB41BAC}"
EndProject
Global
	GlobalSection(SolutionConfigurationPlatforms) = preSolution
		Debug|Any CPU = Debug|Any CPU
		Release|Any CPU = Release|Any CPU
	EndGlobalSection
	GlobalSection(ProjectConfigurationPlatforms) = postSolution
		{A2EA0EDA-AF48-4C4E-990E-0A16CFB41BAC}.Debug|Any CPU.ActiveCfg = Debug|Any CPU
		{A2EA0EDA-AF48-4C4E-990E-0A16CFB41BAC}.Debug|Any CPU.Build.0 = Debug|Any CPU
		{A2EA0EDA-AF48-4C4E-990E-0A16CFB41BAC}.Release|Any CPU.ActiveCfg = Release|Any CPU
		{A2EA0EDA-AF48-4C4E-990E-0A16CFB41BAC}.Release|Any CPU.Build.0 = Release|Any CPU
	EndGlobalSection
	GlobalSection(SolutionProperties) = preSolution
		HideSolutionNode = FALSE
	EndGlobalSection
	GlobalSection(ExtensibilityGlobals) = postSolution
		SolutionGuid = {DFDCA5B3-B7A3-4F16-8414-6BAF9F21F7A7}
	EndGlobalSection
EndGlobal
